// !$*UTF8*$!
{
	archiveVersion = 1;
	classes = {
	};
	objectVersion = 50;
	objects = {

/* Begin PBXBuildFile section */
		18094C46248D254200CE298C /* AppDelegate.swift in Sources */ = {isa = PBXBuildFile; fileRef = 18094C45248D254200CE298C /* AppDelegate.swift */; };
		18094C48248D254200CE298C /* SceneDelegate.swift in Sources */ = {isa = PBXBuildFile; fileRef = 18094C47248D254200CE298C /* SceneDelegate.swift */; };
		18094C4A248D254200CE298C /* ContentView.swift in Sources */ = {isa = PBXBuildFile; fileRef = 18094C49248D254200CE298C /* ContentView.swift */; };
		18094C4C248D254400CE298C /* Assets.xcassets in Resources */ = {isa = PBXBuildFile; fileRef = 18094C4B248D254400CE298C /* Assets.xcassets */; };
		18094C4F248D254400CE298C /* Preview Assets.xcassets in Resources */ = {isa = PBXBuildFile; fileRef = 18094C4E248D254400CE298C /* Preview Assets.xcassets */; };
		18094C52248D254400CE298C /* LaunchScreen.storyboard in Resources */ = {isa = PBXBuildFile; fileRef = 18094C50248D254400CE298C /* LaunchScreen.storyboard */; };
		18094C5B248D257E00CE298C /* Nucleotid.swift in Sources */ = {isa = PBXBuildFile; fileRef = 18094C5A248D257E00CE298C /* Nucleotid.swift */; };
		18094C5D248D25C600CE298C /* DNA.swift in Sources */ = {isa = PBXBuildFile; fileRef = 18094C5C248D25C600CE298C /* DNA.swift */; };
		18094C5F248D25E100CE298C /* Extensions.swift in Sources */ = {isa = PBXBuildFile; fileRef = 18094C5E248D25E100CE298C /* Extensions.swift */; };
		18094C61248D261A00CE298C /* Characteristics.swift in Sources */ = {isa = PBXBuildFile; fileRef = 18094C60248D261A00CE298C /* Characteristics.swift */; };
		18094C63248D263500CE298C /* MutationType.swift in Sources */ = {isa = PBXBuildFile; fileRef = 18094C62248D263500CE298C /* MutationType.swift */; };
		18094C65248D264900CE298C /* Creature.swift in Sources */ = {isa = PBXBuildFile; fileRef = 18094C64248D264900CE298C /* Creature.swift */; };
		18094C67248D266500CE298C /* Perception.swift in Sources */ = {isa = PBXBuildFile; fileRef = 18094C66248D266500CE298C /* Perception.swift */; };
		18094C69248D267900CE298C /* PerceivedCreature.swift in Sources */ = {isa = PBXBuildFile; fileRef = 18094C68248D267900CE298C /* PerceivedCreature.swift */; };
		18094C6B248D268E00CE298C /* SimulationEnvironment.swift in Sources */ = {isa = PBXBuildFile; fileRef = 18094C6A248D268E00CE298C /* SimulationEnvironment.swift */; };
		18094C6D248D5D6D00CE298C /* Names.json in Resources */ = {isa = PBXBuildFile; fileRef = 18094C6C248D5D6D00CE298C /* Names.json */; };
		18094C6F248D5E2600CE298C /* Names.swift in Sources */ = {isa = PBXBuildFile; fileRef = 18094C6E248D5E2600CE298C /* Names.swift */; };
		18094C77248D64A300CE298C /* GeneticsTests.swift in Sources */ = {isa = PBXBuildFile; fileRef = 18094C76248D64A300CE298C /* GeneticsTests.swift */; };
		18094C7F248D78D500CE298C /* AppDate.swift in Sources */ = {isa = PBXBuildFile; fileRef = 18094C7E248D78D500CE298C /* AppDate.swift */; };
		18094C81248E2A0000CE298C /* StartView.swift in Sources */ = {isa = PBXBuildFile; fileRef = 18094C80248E2A0000CE298C /* StartView.swift */; };
		18094C83248E385100CE298C /* PopulationView.swift in Sources */ = {isa = PBXBuildFile; fileRef = 18094C82248E385100CE298C /* PopulationView.swift */; };
		18752A9124AA5DF90013D9B1 /* CreatureView.swift in Sources */ = {isa = PBXBuildFile; fileRef = 18752A9024AA5DF90013D9B1 /* CreatureView.swift */; };
		18752A9324AA5E020013D9B1 /* CreatureRow.swift in Sources */ = {isa = PBXBuildFile; fileRef = 18752A9224AA5E020013D9B1 /* CreatureRow.swift */; };
		18752A9524AA681E0013D9B1 /* DNAView.swift in Sources */ = {isa = PBXBuildFile; fileRef = 18752A9424AA681E0013D9B1 /* DNAView.swift */; };
		18B8398A2496BAE700797BC2 /* EnvironmentManager.swift in Sources */ = {isa = PBXBuildFile; fileRef = 18B839892496BAE700797BC2 /* EnvironmentManager.swift */; };
/* End PBXBuildFile section */

/* Begin PBXContainerItemProxy section */
		18094C79248D64A300CE298C /* PBXContainerItemProxy */ = {
			isa = PBXContainerItemProxy;
			containerPortal = 18094C3A248D254200CE298C /* Project object */;
			proxyType = 1;
			remoteGlobalIDString = 18094C41248D254200CE298C;
			remoteInfo = Genetics;
		};
/* End PBXContainerItemProxy section */

/* Begin PBXFileReference section */
		18094C42248D254200CE298C /* Genetics.app */ = {isa = PBXFileReference; explicitFileType = wrapper.application; includeInIndex = 0; path = Genetics.app; sourceTree = BUILT_PRODUCTS_DIR; };
		18094C45248D254200CE298C /* AppDelegate.swift */ = {isa = PBXFileReference; lastKnownFileType = sourcecode.swift; path = AppDelegate.swift; sourceTree = "<group>"; };
		18094C47248D254200CE298C /* SceneDelegate.swift */ = {isa = PBXFileReference; lastKnownFileType = sourcecode.swift; path = SceneDelegate.swift; sourceTree = "<group>"; };
		18094C49248D254200CE298C /* ContentView.swift */ = {isa = PBXFileReference; lastKnownFileType = sourcecode.swift; path = ContentView.swift; sourceTree = "<group>"; };
		18094C4B248D254400CE298C /* Assets.xcassets */ = {isa = PBXFileReference; lastKnownFileType = folder.assetcatalog; path = Assets.xcassets; sourceTree = "<group>"; };
		18094C4E248D254400CE298C /* Preview Assets.xcassets */ = {isa = PBXFileReference; lastKnownFileType = folder.assetcatalog; path = "Preview Assets.xcassets"; sourceTree = "<group>"; };
		18094C51248D254400CE298C /* Base */ = {isa = PBXFileReference; lastKnownFileType = file.storyboard; name = Base; path = Base.lproj/LaunchScreen.storyboard; sourceTree = "<group>"; };
		18094C53248D254400CE298C /* Info.plist */ = {isa = PBXFileReference; lastKnownFileType = text.plist.xml; path = Info.plist; sourceTree = "<group>"; };
		18094C5A248D257E00CE298C /* Nucleotid.swift */ = {isa = PBXFileReference; lastKnownFileType = sourcecode.swift; path = Nucleotid.swift; sourceTree = "<group>"; };
		18094C5C248D25C600CE298C /* DNA.swift */ = {isa = PBXFileReference; lastKnownFileType = sourcecode.swift; path = DNA.swift; sourceTree = "<group>"; };
		18094C5E248D25E100CE298C /* Extensions.swift */ = {isa = PBXFileReference; lastKnownFileType = sourcecode.swift; path = Extensions.swift; sourceTree = "<group>"; };
		18094C60248D261A00CE298C /* Characteristics.swift */ = {isa = PBXFileReference; lastKnownFileType = sourcecode.swift; path = Characteristics.swift; sourceTree = "<group>"; };
		18094C62248D263500CE298C /* MutationType.swift */ = {isa = PBXFileReference; lastKnownFileType = sourcecode.swift; path = MutationType.swift; sourceTree = "<group>"; };
		18094C64248D264900CE298C /* Creature.swift */ = {isa = PBXFileReference; lastKnownFileType = sourcecode.swift; path = Creature.swift; sourceTree = "<group>"; };
		18094C66248D266500CE298C /* Perception.swift */ = {isa = PBXFileReference; lastKnownFileType = sourcecode.swift; path = Perception.swift; sourceTree = "<group>"; };
		18094C68248D267900CE298C /* PerceivedCreature.swift */ = {isa = PBXFileReference; lastKnownFileType = sourcecode.swift; path = PerceivedCreature.swift; sourceTree = "<group>"; };
		18094C6A248D268E00CE298C /* SimulationEnvironment.swift */ = {isa = PBXFileReference; lastKnownFileType = sourcecode.swift; path = SimulationEnvironment.swift; sourceTree = "<group>"; };
		18094C6C248D5D6D00CE298C /* Names.json */ = {isa = PBXFileReference; lastKnownFileType = text.json; path = Names.json; sourceTree = "<group>"; };
		18094C6E248D5E2600CE298C /* Names.swift */ = {isa = PBXFileReference; lastKnownFileType = sourcecode.swift; path = Names.swift; sourceTree = "<group>"; };
		18094C74248D64A300CE298C /* GeneticsTests.xctest */ = {isa = PBXFileReference; explicitFileType = wrapper.cfbundle; includeInIndex = 0; path = GeneticsTests.xctest; sourceTree = BUILT_PRODUCTS_DIR; };
		18094C76248D64A300CE298C /* GeneticsTests.swift */ = {isa = PBXFileReference; lastKnownFileType = sourcecode.swift; path = GeneticsTests.swift; sourceTree = "<group>"; };
		18094C78248D64A300CE298C /* Info.plist */ = {isa = PBXFileReference; lastKnownFileType = text.plist.xml; path = Info.plist; sourceTree = "<group>"; };
		18094C7E248D78D500CE298C /* AppDate.swift */ = {isa = PBXFileReference; lastKnownFileType = sourcecode.swift; path = AppDate.swift; sourceTree = "<group>"; };
		18094C80248E2A0000CE298C /* StartView.swift */ = {isa = PBXFileReference; lastKnownFileType = sourcecode.swift; path = StartView.swift; sourceTree = "<group>"; };
		18094C82248E385100CE298C /* PopulationView.swift */ = {isa = PBXFileReference; lastKnownFileType = sourcecode.swift; path = PopulationView.swift; sourceTree = "<group>"; };
		18752A9024AA5DF90013D9B1 /* CreatureView.swift */ = {isa = PBXFileReference; lastKnownFileType = sourcecode.swift; path = CreatureView.swift; sourceTree = "<group>"; };
		18752A9224AA5E020013D9B1 /* CreatureRow.swift */ = {isa = PBXFileReference; lastKnownFileType = sourcecode.swift; path = CreatureRow.swift; sourceTree = "<group>"; };
		18752A9424AA681E0013D9B1 /* DNAView.swift */ = {isa = PBXFileReference; lastKnownFileType = sourcecode.swift; path = DNAView.swift; sourceTree = "<group>"; };
		18B839892496BAE700797BC2 /* EnvironmentManager.swift */ = {isa = PBXFileReference; lastKnownFileType = sourcecode.swift; path = EnvironmentManager.swift; sourceTree = "<group>"; };
/* End PBXFileReference section */

/* Begin PBXFrameworksBuildPhase section */
		18094C3F248D254200CE298C /* Frameworks */ = {
			isa = PBXFrameworksBuildPhase;
			buildActionMask = 2147483647;
			files = (
			);
			runOnlyForDeploymentPostprocessing = 0;
		};
		18094C71248D64A300CE298C /* Frameworks */ = {
			isa = PBXFrameworksBuildPhase;
			buildActionMask = 2147483647;
			files = (
			);
			runOnlyForDeploymentPostprocessing = 0;
		};
/* End PBXFrameworksBuildPhase section */

/* Begin PBXGroup section */
		18094C39248D254200CE298C = {
			isa = PBXGroup;
			children = (
				18094C44248D254200CE298C /* Genetics */,
				18094C75248D64A300CE298C /* GeneticsTests */,
				18094C43248D254200CE298C /* Products */,
			);
			sourceTree = "<group>";
		};
		18094C43248D254200CE298C /* Products */ = {
			isa = PBXGroup;
			children = (
				18094C42248D254200CE298C /* Genetics.app */,
				18094C74248D64A300CE298C /* GeneticsTests.xctest */,
			);
			name = Products;
			sourceTree = "<group>";
		};
		18094C44248D254200CE298C /* Genetics */ = {
			isa = PBXGroup;
			children = (
				18094C45248D254200CE298C /* AppDelegate.swift */,
				18094C6C248D5D6D00CE298C /* Names.json */,
				18094C6E248D5E2600CE298C /* Names.swift */,
				18094C59248D256900CE298C /* Logic */,
				18094C47248D254200CE298C /* SceneDelegate.swift */,
				18094C49248D254200CE298C /* ContentView.swift */,
				18B839892496BAE700797BC2 /* EnvironmentManager.swift */,
				18094C82248E385100CE298C /* PopulationView.swift */,
				18752A9024AA5DF90013D9B1 /* CreatureView.swift */,
				18752A9424AA681E0013D9B1 /* DNAView.swift */,
				18752A9224AA5E020013D9B1 /* CreatureRow.swift */,
				18094C80248E2A0000CE298C /* StartView.swift */,
				18094C4B248D254400CE298C /* Assets.xcassets */,
				18094C50248D254400CE298C /* LaunchScreen.storyboard */,
				18094C53248D254400CE298C /* Info.plist */,
				18094C4D248D254400CE298C /* Preview Content */,
			);
			path = Genetics;
			sourceTree = "<group>";
		};
		18094C4D248D254400CE298C /* Preview Content */ = {
			isa = PBXGroup;
			children = (
				18094C4E248D254400CE298C /* Preview Assets.xcassets */,
			);
			path = "Preview Content";
			sourceTree = "<group>";
		};
		18094C59248D256900CE298C /* Logic */ = {
			isa = PBXGroup;
			children = (
				18094C5A248D257E00CE298C /* Nucleotid.swift */,
				18094C5C248D25C600CE298C /* DNA.swift */,
				18094C5E248D25E100CE298C /* Extensions.swift */,
				18094C60248D261A00CE298C /* Characteristics.swift */,
				18094C62248D263500CE298C /* MutationType.swift */,
				18094C64248D264900CE298C /* Creature.swift */,
				18094C66248D266500CE298C /* Perception.swift */,
				18094C68248D267900CE298C /* PerceivedCreature.swift */,
				18094C6A248D268E00CE298C /* SimulationEnvironment.swift */,
				18094C7E248D78D500CE298C /* AppDate.swift */,
			);
			path = Logic;
			sourceTree = "<group>";
		};
		18094C75248D64A300CE298C /* GeneticsTests */ = {
			isa = PBXGroup;
			children = (
				18094C76248D64A300CE298C /* GeneticsTests.swift */,
				18094C78248D64A300CE298C /* Info.plist */,
			);
			path = GeneticsTests;
			sourceTree = "<group>";
		};
/* End PBXGroup section */

/* Begin PBXNativeTarget section */
		18094C41248D254200CE298C /* Genetics */ = {
			isa = PBXNativeTarget;
			buildConfigurationList = 18094C56248D254400CE298C /* Build configuration list for PBXNativeTarget "Genetics" */;
			buildPhases = (
				18094C3E248D254200CE298C /* Sources */,
				18094C3F248D254200CE298C /* Frameworks */,
				18094C40248D254200CE298C /* Resources */,
			);
			buildRules = (
			);
			dependencies = (
			);
			name = Genetics;
			productName = Genetics;
			productReference = 18094C42248D254200CE298C /* Genetics.app */;
			productType = "com.apple.product-type.application";
		};
		18094C73248D64A300CE298C /* GeneticsTests */ = {
			isa = PBXNativeTarget;
			buildConfigurationList = 18094C7B248D64A300CE298C /* Build configuration list for PBXNativeTarget "GeneticsTests" */;
			buildPhases = (
				18094C70248D64A300CE298C /* Sources */,
				18094C71248D64A300CE298C /* Frameworks */,
				18094C72248D64A300CE298C /* Resources */,
			);
			buildRules = (
			);
			dependencies = (
				18094C7A248D64A300CE298C /* PBXTargetDependency */,
			);
			name = GeneticsTests;
			productName = GeneticsTests;
			productReference = 18094C74248D64A300CE298C /* GeneticsTests.xctest */;
			productType = "com.apple.product-type.bundle.unit-test";
		};
/* End PBXNativeTarget section */

/* Begin PBXProject section */
		18094C3A248D254200CE298C /* Project object */ = {
			isa = PBXProject;
			attributes = {
				LastSwiftUpdateCheck = 1140;
				LastUpgradeCheck = 1140;
				ORGANIZATIONNAME = clement.nonn;
				TargetAttributes = {
					18094C41248D254200CE298C = {
						CreatedOnToolsVersion = 11.4.1;
					};
					18094C73248D64A300CE298C = {
						CreatedOnToolsVersion = 11.4.1;
						TestTargetID = 18094C41248D254200CE298C;
					};
				};
			};
			buildConfigurationList = 18094C3D248D254200CE298C /* Build configuration list for PBXProject "Genetics" */;
			compatibilityVersion = "Xcode 9.3";
			developmentRegion = en;
			hasScannedForEncodings = 0;
			knownRegions = (
				en,
				Base,
			);
			mainGroup = 18094C39248D254200CE298C;
			productRefGroup = 18094C43248D254200CE298C /* Products */;
			projectDirPath = "";
			projectRoot = "";
			targets = (
				18094C41248D254200CE298C /* Genetics */,
				18094C73248D64A300CE298C /* GeneticsTests */,
			);
		};
/* End PBXProject section */

/* Begin PBXResourcesBuildPhase section */
		18094C40248D254200CE298C /* Resources */ = {
			isa = PBXResourcesBuildPhase;
			buildActionMask = 2147483647;
			files = (
				18094C52248D254400CE298C /* LaunchScreen.storyboard in Resources */,
				18094C4F248D254400CE298C /* Preview Assets.xcassets in Resources */,
				18094C6D248D5D6D00CE298C /* Names.json in Resources */,
				18094C4C248D254400CE298C /* Assets.xcassets in Resources */,
			);
			runOnlyForDeploymentPostprocessing = 0;
		};
		18094C72248D64A300CE298C /* Resources */ = {
			isa = PBXResourcesBuildPhase;
			buildActionMask = 2147483647;
			files = (
			);
			runOnlyForDeploymentPostprocessing = 0;
		};
/* End PBXResourcesBuildPhase section */

/* Begin PBXSourcesBuildPhase section */
		18094C3E248D254200CE298C /* Sources */ = {
			isa = PBXSourcesBuildPhase;
			buildActionMask = 2147483647;
			files = (
				18094C67248D266500CE298C /* Perception.swift in Sources */,
				18094C7F248D78D500CE298C /* AppDate.swift in Sources */,
				18094C6B248D268E00CE298C /* SimulationEnvironment.swift in Sources */,
				18752A9324AA5E020013D9B1 /* CreatureRow.swift in Sources */,
				18094C63248D263500CE298C /* MutationType.swift in Sources */,
				18094C46248D254200CE298C /* AppDelegate.swift in Sources */,
				18094C83248E385100CE298C /* PopulationView.swift in Sources */,
				18094C65248D264900CE298C /* Creature.swift in Sources */,
				18094C81248E2A0000CE298C /* StartView.swift in Sources */,
				18094C69248D267900CE298C /* PerceivedCreature.swift in Sources */,
				18094C6F248D5E2600CE298C /* Names.swift in Sources */,
				18094C61248D261A00CE298C /* Characteristics.swift in Sources */,
				18752A9124AA5DF90013D9B1 /* CreatureView.swift in Sources */,
				18094C5B248D257E00CE298C /* Nucleotid.swift in Sources */,
				18094C48248D254200CE298C /* SceneDelegate.swift in Sources */,
				18094C5F248D25E100CE298C /* Extensions.swift in Sources */,
				18094C4A248D254200CE298C /* ContentView.swift in Sources */,
				18094C5D248D25C600CE298C /* DNA.swift in Sources */,
				18752A9524AA681E0013D9B1 /* DNAView.swift in Sources */,
				18B8398A2496BAE700797BC2 /* EnvironmentManager.swift in Sources */,
			);
			runOnlyForDeploymentPostprocessing = 0;
		};
		18094C70248D64A300CE298C /* Sources */ = {
			isa = PBXSourcesBuildPhase;
			buildActionMask = 2147483647;
			files = (
				18094C77248D64A300CE298C /* GeneticsTests.swift in Sources */,
			);
			runOnlyForDeploymentPostprocessing = 0;
		};
/* End PBXSourcesBuildPhase section */

/* Begin PBXTargetDependency section */
		18094C7A248D64A300CE298C /* PBXTargetDependency */ = {
			isa = PBXTargetDependency;
			target = 18094C41248D254200CE298C /* Genetics */;
			targetProxy = 18094C79248D64A300CE298C /* PBXContainerItemProxy */;
		};
/* End PBXTargetDependency section */

/* Begin PBXVariantGroup section */
		18094C50248D254400CE298C /* LaunchScreen.storyboard */ = {
			isa = PBXVariantGroup;
			children = (
				18094C51248D254400CE298C /* Base */,
			);
			name = LaunchScreen.storyboard;
			sourceTree = "<group>";
		};
/* End PBXVariantGroup section */

/* Begin XCBuildConfiguration section */
		18094C54248D254400CE298C /* Debug */ = {
			isa = XCBuildConfiguration;
			buildSettings = {
				ALWAYS_SEARCH_USER_PATHS = NO;
				CLANG_ANALYZER_NONNULL = YES;
				CLANG_ANALYZER_NUMBER_OBJECT_CONVERSION = YES_AGGRESSIVE;
				CLANG_CXX_LANGUAGE_STANDARD = "gnu++14";
				CLANG_CXX_LIBRARY = "libc++";
				CLANG_ENABLE_MODULES = YES;
				CLANG_ENABLE_OBJC_ARC = YES;
				CLANG_ENABLE_OBJC_WEAK = YES;
				CLANG_WARN_BLOCK_CAPTURE_AUTORELEASING = YES;
				CLANG_WARN_BOOL_CONVERSION = YES;
				CLANG_WARN_COMMA = YES;
				CLANG_WARN_CONSTANT_CONVERSION = YES;
				CLANG_WARN_DEPRECATED_OBJC_IMPLEMENTATIONS = YES;
				CLANG_WARN_DIRECT_OBJC_ISA_USAGE = YES_ERROR;
				CLANG_WARN_DOCUMENTATION_COMMENTS = YES;
				CLANG_WARN_EMPTY_BODY = YES;
				CLANG_WARN_ENUM_CONVERSION = YES;
				CLANG_WARN_INFINITE_RECURSION = YES;
				CLANG_WARN_INT_CONVERSION = YES;
				CLANG_WARN_NON_LITERAL_NULL_CONVERSION = YES;
				CLANG_WARN_OBJC_IMPLICIT_RETAIN_SELF = YES;
				CLANG_WARN_OBJC_LITERAL_CONVERSION = YES;
				CLANG_WARN_OBJC_ROOT_CLASS = YES_ERROR;
				CLANG_WARN_RANGE_LOOP_ANALYSIS = YES;
				CLANG_WARN_STRICT_PROTOTYPES = YES;
				CLANG_WARN_SUSPICIOUS_MOVE = YES;
				CLANG_WARN_UNGUARDED_AVAILABILITY = YES_AGGRESSIVE;
				CLANG_WARN_UNREACHABLE_CODE = YES;
				CLANG_WARN__DUPLICATE_METHOD_MATCH = YES;
				COPY_PHASE_STRIP = NO;
				DEBUG_INFORMATION_FORMAT = dwarf;
				ENABLE_STRICT_OBJC_MSGSEND = YES;
				ENABLE_TESTABILITY = YES;
				GCC_C_LANGUAGE_STANDARD = gnu11;
				GCC_DYNAMIC_NO_PIC = NO;
				GCC_NO_COMMON_BLOCKS = YES;
				GCC_OPTIMIZATION_LEVEL = 0;
				GCC_PREPROCESSOR_DEFINITIONS = (
					"DEBUG=1",
					"$(inherited)",
				);
				GCC_WARN_64_TO_32_BIT_CONVERSION = YES;
				GCC_WARN_ABOUT_RETURN_TYPE = YES_ERROR;
				GCC_WARN_UNDECLARED_SELECTOR = YES;
				GCC_WARN_UNINITIALIZED_AUTOS = YES_AGGRESSIVE;
				GCC_WARN_UNUSED_FUNCTION = YES;
				GCC_WARN_UNUSED_VARIABLE = YES;
				IPHONEOS_DEPLOYMENT_TARGET = 13.4;
				MTL_ENABLE_DEBUG_INFO = INCLUDE_SOURCE;
				MTL_FAST_MATH = YES;
				ONLY_ACTIVE_ARCH = YES;
				SDKROOT = iphoneos;
				SWIFT_ACTIVE_COMPILATION_CONDITIONS = DEBUG;
				SWIFT_OPTIMIZATION_LEVEL = "-Onone";
			};
			name = Debug;
		};
		18094C55248D254400CE298C /* Release */ = {
			isa = XCBuildConfiguration;
			buildSettings = {
				ALWAYS_SEARCH_USER_PATHS = NO;
				CLANG_ANALYZER_NONNULL = YES;
				CLANG_ANALYZER_NUMBER_OBJECT_CONVERSION = YES_AGGRESSIVE;
				CLANG_CXX_LANGUAGE_STANDARD = "gnu++14";
				CLANG_CXX_LIBRARY = "libc++";
				CLANG_ENABLE_MODULES = YES;
				CLANG_ENABLE_OBJC_ARC = YES;
				CLANG_ENABLE_OBJC_WEAK = YES;
				CLANG_WARN_BLOCK_CAPTURE_AUTORELEASING = YES;
				CLANG_WARN_BOOL_CONVERSION = YES;
				CLANG_WARN_COMMA = YES;
				CLANG_WARN_CONSTANT_CONVERSION = YES;
				CLANG_WARN_DEPRECATED_OBJC_IMPLEMENTATIONS = YES;
				CLANG_WARN_DIRECT_OBJC_ISA_USAGE = YES_ERROR;
				CLANG_WARN_DOCUMENTATION_COMMENTS = YES;
				CLANG_WARN_EMPTY_BODY = YES;
				CLANG_WARN_ENUM_CONVERSION = YES;
				CLANG_WARN_INFINITE_RECURSION = YES;
				CLANG_WARN_INT_CONVERSION = YES;
				CLANG_WARN_NON_LITERAL_NULL_CONVERSION = YES;
				CLANG_WARN_OBJC_IMPLICIT_RETAIN_SELF = YES;
				CLANG_WARN_OBJC_LITERAL_CONVERSION = YES;
				CLANG_WARN_OBJC_ROOT_CLASS = YES_ERROR;
				CLANG_WARN_RANGE_LOOP_ANALYSIS = YES;
				CLANG_WARN_STRICT_PROTOTYPES = YES;
				CLANG_WARN_SUSPICIOUS_MOVE = YES;
				CLANG_WARN_UNGUARDED_AVAILABILITY = YES_AGGRESSIVE;
				CLANG_WARN_UNREACHABLE_CODE = YES;
				CLANG_WARN__DUPLICATE_METHOD_MATCH = YES;
				COPY_PHASE_STRIP = NO;
				DEBUG_INFORMATION_FORMAT = "dwarf-with-dsym";
				ENABLE_NS_ASSERTIONS = NO;
				ENABLE_STRICT_OBJC_MSGSEND = YES;
				GCC_C_LANGUAGE_STANDARD = gnu11;
				GCC_NO_COMMON_BLOCKS = YES;
				GCC_WARN_64_TO_32_BIT_CONVERSION = YES;
				GCC_WARN_ABOUT_RETURN_TYPE = YES_ERROR;
				GCC_WARN_UNDECLARED_SELECTOR = YES;
				GCC_WARN_UNINITIALIZED_AUTOS = YES_AGGRESSIVE;
				GCC_WARN_UNUSED_FUNCTION = YES;
				GCC_WARN_UNUSED_VARIABLE = YES;
				IPHONEOS_DEPLOYMENT_TARGET = 13.4;
				MTL_ENABLE_DEBUG_INFO = NO;
				MTL_FAST_MATH = YES;
				SDKROOT = iphoneos;
				SWIFT_COMPILATION_MODE = wholemodule;
				SWIFT_OPTIMIZATION_LEVEL = "-O";
				VALIDATE_PRODUCT = YES;
			};
			name = Release;
		};
		18094C57248D254400CE298C /* Debug */ = {
			isa = XCBuildConfiguration;
			buildSettings = {
				ASSETCATALOG_COMPILER_APPICON_NAME = AppIcon;
				CODE_SIGN_STYLE = Automatic;
				DEVELOPMENT_ASSET_PATHS = "\"Genetics/Preview Content\"";
				DEVELOPMENT_TEAM = 9S22HJC2PB;
				ENABLE_PREVIEWS = YES;
				INFOPLIST_FILE = Genetics/Info.plist;
				LD_RUNPATH_SEARCH_PATHS = (
					"$(inherited)",
					"@executable_path/Frameworks",
				);
				PRODUCT_BUNDLE_IDENTIFIER = nonn.clement.Genetics;
				PRODUCT_NAME = "$(TARGET_NAME)";
				SWIFT_VERSION = 5.0;
				TARGETED_DEVICE_FAMILY = "1,2";
			};
			name = Debug;
		};
		18094C58248D254400CE298C /* Release */ = {
			isa = XCBuildConfiguration;
			buildSettings = {
				ASSETCATALOG_COMPILER_APPICON_NAME = AppIcon;
				CODE_SIGN_STYLE = Automatic;
				DEVELOPMENT_ASSET_PATHS = "\"Genetics/Preview Content\"";
				DEVELOPMENT_TEAM = 9S22HJC2PB;
				ENABLE_PREVIEWS = YES;
				INFOPLIST_FILE = Genetics/Info.plist;
				LD_RUNPATH_SEARCH_PATHS = (
					"$(inherited)",
					"@executable_path/Frameworks",
				);
				PRODUCT_BUNDLE_IDENTIFIER = nonn.clement.Genetics;
				PRODUCT_NAME = "$(TARGET_NAME)";
				SWIFT_VERSION = 5.0;
				TARGETED_DEVICE_FAMILY = "1,2";
			};
			name = Release;
		};
		18094C7C248D64A300CE298C /* Debug */ = {
			isa = XCBuildConfiguration;
			buildSettings = {
				BUNDLE_LOADER = "$(TEST_HOST)";
				CODE_SIGN_STYLE = Automatic;
				DEVELOPMENT_TEAM = 9S22HJC2PB;
				INFOPLIST_FILE = GeneticsTests/Info.plist;
				LD_RUNPATH_SEARCH_PATHS = (
					"$(inherited)",
					"@executable_path/Frameworks",
					"@loader_path/Frameworks",
				);
				PRODUCT_BUNDLE_IDENTIFIER = nonn.clement.GeneticsTests;
				PRODUCT_NAME = "$(TARGET_NAME)";
				SWIFT_VERSION = 5.0;
				TARGETED_DEVICE_FAMILY = "1,2";
				TEST_HOST = "$(BUILT_PRODUCTS_DIR)/Genetics.app/Genetics";
			};
			name = Debug;
		};
		18094C7D248D64A300CE298C /* Release */ = {
			isa = XCBuildConfiguration;
			buildSettings = {
				BUNDLE_LOADER = "$(TEST_HOST)";
				CODE_SIGN_STYLE = Automatic;
				DEVELOPMENT_TEAM = 9S22HJC2PB;
				INFOPLIST_FILE = GeneticsTests/Info.plist;
				LD_RUNPATH_SEARCH_PATHS = (
					"$(inherited)",
					"@executable_path/Frameworks",
					"@loader_path/Frameworks",
				);
				PRODUCT_BUNDLE_IDENTIFIER = nonn.clement.GeneticsTests;
				PRODUCT_NAME = "$(TARGET_NAME)";
				SWIFT_VERSION = 5.0;
				TARGETED_DEVICE_FAMILY = "1,2";
				TEST_HOST = "$(BUILT_PRODUCTS_DIR)/Genetics.app/Genetics";
			};
			name = Release;
		};
/* End XCBuildConfiguration section */

/* Begin XCConfigurationList section */
		18094C3D248D254200CE298C /* Build configuration list for PBXProject "Genetics" */ = {
			isa = XCConfigurationList;
			buildConfigurations = (
				18094C54248D254400CE298C /* Debug */,
				18094C55248D254400CE298C /* Release */,
			);
			defaultConfigurationIsVisible = 0;
			defaultConfigurationName = Release;
		};
		18094C56248D254400CE298C /* Build configuration list for PBXNativeTarget "Genetics" */ = {
			isa = XCConfigurationList;
			buildConfigurations = (
				18094C57248D254400CE298C /* Debug */,
				18094C58248D254400CE298C /* Release */,
			);
			defaultConfigurationIsVisible = 0;
			defaultConfigurationName = Release;
		};
		18094C7B248D64A300CE298C /* Build configuration list for PBXNativeTarget "GeneticsTests" */ = {
			isa = XCConfigurationList;
			buildConfigurations = (
				18094C7C248D64A300CE298C /* Debug */,
				18094C7D248D64A300CE298C /* Release */,
			);
			defaultConfigurationIsVisible = 0;
			defaultConfigurationName = Release;
		};
/* End XCConfigurationList section */
	};
	rootObject = 18094C3A248D254200CE298C /* Project object */;
}
